
Microsoft Visual Studio Solution File, Format Version 10.00
# Visual Studio 2008
Project("{8BC9CEB8-8B4A-11D0-8D11-00A0C91BC942}") = "BVSkurs", "BVSkurs\BVSkurs.vcproj", "{0B69B80D-F57D-4BAE-8D85-BB1ECE80E33D}"
EndProject
Global
	GlobalSection(SolutionConfigurationPlatforms) = preSolution
		Debug|Win32 = Debug|Win32
		Release|Win32 = Release|Win32
	EndGlobalSection
	GlobalSection(ProjectConfigurationPlatforms) = postSolution
		{0B69B80D-F57D-4BAE-8D85-BB1ECE80E33D}.Debug|Win32.ActiveCfg = Debug|Win32
		{0B69B80D-F57D-4BAE-8D85-BB1ECE80E33D}.Debug|Win32.Build.0 = Debug|Win32
		{0B69B80D-F57D-4BAE-8D85-BB1ECE80E33D}.Release|Win32.ActiveCfg = Release|Win32
		{0B69B80D-F57D-4BAE-8D85-BB1ECE80E33D}.Release|Win32.Build.0 = Release|Win32
	EndGlobalSection
	GlobalSection(SolutionProperties) = preSolution
		HideSolutionNode = FALSE
	EndGlobalSection
EndGlobal
